// !$*UTF8*$!
{
	archiveVersion = 1;
	classes = {
	};
	objectVersion = 46;
	objects = {

/* Begin PBXBuildFile section */
		5322D0B81891A79B009A4023 /* Parse.framework in Frameworks */ = {isa = PBXBuildFile; fileRef = 5322D0B71891A79B009A4023 /* Parse.framework */; };
		5322D0BA1891A7DE009A4023 /* AudioToolbox.framework in Frameworks */ = {isa = PBXBuildFile; fileRef = 5322D0B91891A7DE009A4023 /* AudioToolbox.framework */; };
		5322D0BC1891A8C2009A4023 /* CFNetwork.framework in Frameworks */ = {isa = PBXBuildFile; fileRef = 5322D0BB1891A8C2009A4023 /* CFNetwork.framework */; };
		5322D0BE1891A8D0009A4023 /* CoreLocation.framework in Frameworks */ = {isa = PBXBuildFile; fileRef = 5322D0BD1891A8D0009A4023 /* CoreLocation.framework */; };
		5322D0C01891A8D9009A4023 /* libz.dylib in Frameworks */ = {isa = PBXBuildFile; fileRef = 5322D0BF1891A8D9009A4023 /* libz.dylib */; };
		5322D0C21891A8DF009A4023 /* MobileCoreServices.framework in Frameworks */ = {isa = PBXBuildFile; fileRef = 5322D0C11891A8DF009A4023 /* MobileCoreServices.framework */; };
		5322D0C41891A8E4009A4023 /* QuartzCore.framework in Frameworks */ = {isa = PBXBuildFile; fileRef = 5322D0C31891A8E4009A4023 /* QuartzCore.framework */; };
		5322D0C61891A8EA009A4023 /* Security.framework in Frameworks */ = {isa = PBXBuildFile; fileRef = 5322D0C51891A8EA009A4023 /* Security.framework */; };
		5322D0C81891A8F0009A4023 /* StoreKit.framework in Frameworks */ = {isa = PBXBuildFile; fileRef = 5322D0C71891A8F0009A4023 /* StoreKit.framework */; };
		5322D0CA1891A8F8009A4023 /* SystemConfiguration.framework in Frameworks */ = {isa = PBXBuildFile; fileRef = 5322D0C91891A8F8009A4023 /* SystemConfiguration.framework */; };
		B5ECEEBB189100370012F86E /* ChatsTableViewController.m in Sources */ = {isa = PBXBuildFile; fileRef = B5ECEEB9189100370012F86E /* ChatsTableViewController.m */; };
		B5ECEEBC189100370012F86E /* ChatsTableViewController.xib in Resources */ = {isa = PBXBuildFile; fileRef = B5ECEEBA189100370012F86E /* ChatsTableViewController.xib */; };
		B5ECEEC0189100530012F86E /* FriendsTableViewController.m in Sources */ = {isa = PBXBuildFile; fileRef = B5ECEEBE189100530012F86E /* FriendsTableViewController.m */; };
		B5ECEEC1189100530012F86E /* FriendsTableViewController.xib in Resources */ = {isa = PBXBuildFile; fileRef = B5ECEEBF189100530012F86E /* FriendsTableViewController.xib */; };
		B5ECEEC5189100670012F86E /* ChattingTableViewController.m in Sources */ = {isa = PBXBuildFile; fileRef = B5ECEEC3189100670012F86E /* ChattingTableViewController.m */; };
		B5ECEEC6189100670012F86E /* ChattingTableViewController.xib in Resources */ = {isa = PBXBuildFile; fileRef = B5ECEEC4189100670012F86E /* ChattingTableViewController.xib */; };
		B5ECEECA189100800012F86E /* ProfileViewController.m in Sources */ = {isa = PBXBuildFile; fileRef = B5ECEEC8189100800012F86E /* ProfileViewController.m */; };
		B5ECEECB189100800012F86E /* ProfileViewController.xib in Resources */ = {isa = PBXBuildFile; fileRef = B5ECEEC9189100800012F86E /* ProfileViewController.xib */; };
		B5ECEECF189100980012F86E /* NearbyTableViewController.m in Sources */ = {isa = PBXBuildFile; fileRef = B5ECEECD189100980012F86E /* NearbyTableViewController.m */; };
		B5ECEED0189100980012F86E /* NearbyTableViewController.xib in Resources */ = {isa = PBXBuildFile; fileRef = B5ECEECE189100980012F86E /* NearbyTableViewController.xib */; };
		B5FDE95D1890C8A100A2AAF7 /* Foundation.framework in Frameworks */ = {isa = PBXBuildFile; fileRef = B5FDE95C1890C8A100A2AAF7 /* Foundation.framework */; };
		B5FDE95F1890C8A100A2AAF7 /* CoreGraphics.framework in Frameworks */ = {isa = PBXBuildFile; fileRef = B5FDE95E1890C8A100A2AAF7 /* CoreGraphics.framework */; };
		B5FDE9611890C8A100A2AAF7 /* UIKit.framework in Frameworks */ = {isa = PBXBuildFile; fileRef = B5FDE9601890C8A100A2AAF7 /* UIKit.framework */; };
		B5FDE9671890C8A100A2AAF7 /* InfoPlist.strings in Resources */ = {isa = PBXBuildFile; fileRef = B5FDE9651890C8A100A2AAF7 /* InfoPlist.strings */; };
		B5FDE9691890C8A100A2AAF7 /* main.m in Sources */ = {isa = PBXBuildFile; fileRef = B5FDE9681890C8A100A2AAF7 /* main.m */; };
		B5FDE96D1890C8A100A2AAF7 /* AppDelegate.m in Sources */ = {isa = PBXBuildFile; fileRef = B5FDE96C1890C8A100A2AAF7 /* AppDelegate.m */; };
		B5FDE96F1890C8A100A2AAF7 /* Images.xcassets in Resources */ = {isa = PBXBuildFile; fileRef = B5FDE96E1890C8A100A2AAF7 /* Images.xcassets */; };
		B5FDE9761890C8A100A2AAF7 /* XCTest.framework in Frameworks */ = {isa = PBXBuildFile; fileRef = B5FDE9751890C8A100A2AAF7 /* XCTest.framework */; };
		B5FDE9771890C8A100A2AAF7 /* Foundation.framework in Frameworks */ = {isa = PBXBuildFile; fileRef = B5FDE95C1890C8A100A2AAF7 /* Foundation.framework */; };
		B5FDE9781890C8A100A2AAF7 /* UIKit.framework in Frameworks */ = {isa = PBXBuildFile; fileRef = B5FDE9601890C8A100A2AAF7 /* UIKit.framework */; };
		B5FDE9801890C8A100A2AAF7 /* InfoPlist.strings in Resources */ = {isa = PBXBuildFile; fileRef = B5FDE97E1890C8A100A2AAF7 /* InfoPlist.strings */; };
		B5FDE9821890C8A100A2AAF7 /* VChatTests.m in Sources */ = {isa = PBXBuildFile; fileRef = B5FDE9811890C8A100A2AAF7 /* VChatTests.m */; };
		B5FDE98E1890C9D000A2AAF7 /* VChatViewController.m in Sources */ = {isa = PBXBuildFile; fileRef = B5FDE98C1890C9D000A2AAF7 /* VChatViewController.m */; };
		B5FDE98F1890C9D000A2AAF7 /* VChatViewController.xib in Resources */ = {isa = PBXBuildFile; fileRef = B5FDE98D1890C9D000A2AAF7 /* VChatViewController.xib */; };
		B5FDE9931890CDC100A2AAF7 /* SignupViewController.m in Sources */ = {isa = PBXBuildFile; fileRef = B5FDE9911890CDC100A2AAF7 /* SignupViewController.m */; };
		B5FDE9941890CDC100A2AAF7 /* SignupViewController.xib in Resources */ = {isa = PBXBuildFile; fileRef = B5FDE9921890CDC100A2AAF7 /* SignupViewController.xib */; };
/* End PBXBuildFile section */

/* Begin PBXContainerItemProxy section */
		B5FDE9791890C8A100A2AAF7 /* PBXContainerItemProxy */ = {
			isa = PBXContainerItemProxy;
			containerPortal = B5FDE9511890C8A100A2AAF7 /* Project object */;
			proxyType = 1;
			remoteGlobalIDString = B5FDE9581890C8A100A2AAF7;
			remoteInfo = VChat;
		};
/* End PBXContainerItemProxy section */

/* Begin PBXFileReference section */
		5322D0B71891A79B009A4023 /* Parse.framework */ = {isa = PBXFileReference; lastKnownFileType = wrapper.framework; path = Parse.framework; sourceTree = "<group>"; };
		5322D0B91891A7DE009A4023 /* AudioToolbox.framework */ = {isa = PBXFileReference; lastKnownFileType = wrapper.framework; name = AudioToolbox.framework; path = System/Library/Frameworks/AudioToolbox.framework; sourceTree = SDKROOT; };
		5322D0BB1891A8C2009A4023 /* CFNetwork.framework */ = {isa = PBXFileReference; lastKnownFileType = wrapper.framework; name = CFNetwork.framework; path = System/Library/Frameworks/CFNetwork.framework; sourceTree = SDKROOT; };
		5322D0BD1891A8D0009A4023 /* CoreLocation.framework */ = {isa = PBXFileReference; lastKnownFileType = wrapper.framework; name = CoreLocation.framework; path = System/Library/Frameworks/CoreLocation.framework; sourceTree = SDKROOT; };
		5322D0BF1891A8D9009A4023 /* libz.dylib */ = {isa = PBXFileReference; lastKnownFileType = "compiled.mach-o.dylib"; name = libz.dylib; path = usr/lib/libz.dylib; sourceTree = SDKROOT; };
		5322D0C11891A8DF009A4023 /* MobileCoreServices.framework */ = {isa = PBXFileReference; lastKnownFileType = wrapper.framework; name = MobileCoreServices.framework; path = System/Library/Frameworks/MobileCoreServices.framework; sourceTree = SDKROOT; };
		5322D0C31891A8E4009A4023 /* QuartzCore.framework */ = {isa = PBXFileReference; lastKnownFileType = wrapper.framework; name = QuartzCore.framework; path = System/Library/Frameworks/QuartzCore.framework; sourceTree = SDKROOT; };
		5322D0C51891A8EA009A4023 /* Security.framework */ = {isa = PBXFileReference; lastKnownFileType = wrapper.framework; name = Security.framework; path = System/Library/Frameworks/Security.framework; sourceTree = SDKROOT; };
		5322D0C71891A8F0009A4023 /* StoreKit.framework */ = {isa = PBXFileReference; lastKnownFileType = wrapper.framework; name = StoreKit.framework; path = System/Library/Frameworks/StoreKit.framework; sourceTree = SDKROOT; };
		5322D0C91891A8F8009A4023 /* SystemConfiguration.framework */ = {isa = PBXFileReference; lastKnownFileType = wrapper.framework; name = SystemConfiguration.framework; path = System/Library/Frameworks/SystemConfiguration.framework; sourceTree = SDKROOT; };
		B5ECEEB8189100370012F86E /* ChatsTableViewController.h */ = {isa = PBXFileReference; fileEncoding = 4; lastKnownFileType = sourcecode.c.h; path = ChatsTableViewController.h; sourceTree = "<group>"; };
		B5ECEEB9189100370012F86E /* ChatsTableViewController.m */ = {isa = PBXFileReference; fileEncoding = 4; lastKnownFileType = sourcecode.c.objc; path = ChatsTableViewController.m; sourceTree = "<group>"; };
		B5ECEEBA189100370012F86E /* ChatsTableViewController.xib */ = {isa = PBXFileReference; fileEncoding = 4; lastKnownFileType = file.xib; path = ChatsTableViewController.xib; sourceTree = "<group>"; };
		B5ECEEBD189100530012F86E /* FriendsTableViewController.h */ = {isa = PBXFileReference; fileEncoding = 4; lastKnownFileType = sourcecode.c.h; path = FriendsTableViewController.h; sourceTree = "<group>"; };
		B5ECEEBE189100530012F86E /* FriendsTableViewController.m */ = {isa = PBXFileReference; fileEncoding = 4; lastKnownFileType = sourcecode.c.objc; path = FriendsTableViewController.m; sourceTree = "<group>"; };
		B5ECEEBF189100530012F86E /* FriendsTableViewController.xib */ = {isa = PBXFileReference; fileEncoding = 4; lastKnownFileType = file.xib; path = FriendsTableViewController.xib; sourceTree = "<group>"; };
		B5ECEEC2189100670012F86E /* ChattingTableViewController.h */ = {isa = PBXFileReference; fileEncoding = 4; lastKnownFileType = sourcecode.c.h; path = ChattingTableViewController.h; sourceTree = "<group>"; };
		B5ECEEC3189100670012F86E /* ChattingTableViewController.m */ = {isa = PBXFileReference; fileEncoding = 4; lastKnownFileType = sourcecode.c.objc; path = ChattingTableViewController.m; sourceTree = "<group>"; };
		B5ECEEC4189100670012F86E /* ChattingTableViewController.xib */ = {isa = PBXFileReference; fileEncoding = 4; lastKnownFileType = file.xib; path = ChattingTableViewController.xib; sourceTree = "<group>"; };
		B5ECEEC7189100800012F86E /* ProfileViewController.h */ = {isa = PBXFileReference; fileEncoding = 4; lastKnownFileType = sourcecode.c.h; path = ProfileViewController.h; sourceTree = "<group>"; };
		B5ECEEC8189100800012F86E /* ProfileViewController.m */ = {isa = PBXFileReference; fileEncoding = 4; lastKnownFileType = sourcecode.c.objc; path = ProfileViewController.m; sourceTree = "<group>"; };
		B5ECEEC9189100800012F86E /* ProfileViewController.xib */ = {isa = PBXFileReference; fileEncoding = 4; lastKnownFileType = file.xib; path = ProfileViewController.xib; sourceTree = "<group>"; };
		B5ECEECC189100980012F86E /* NearbyTableViewController.h */ = {isa = PBXFileReference; fileEncoding = 4; lastKnownFileType = sourcecode.c.h; path = NearbyTableViewController.h; sourceTree = "<group>"; };
		B5ECEECD189100980012F86E /* NearbyTableViewController.m */ = {isa = PBXFileReference; fileEncoding = 4; lastKnownFileType = sourcecode.c.objc; path = NearbyTableViewController.m; sourceTree = "<group>"; };
		B5ECEECE189100980012F86E /* NearbyTableViewController.xib */ = {isa = PBXFileReference; fileEncoding = 4; lastKnownFileType = file.xib; path = NearbyTableViewController.xib; sourceTree = "<group>"; };
		B5FDE9591890C8A100A2AAF7 /* VChat.app */ = {isa = PBXFileReference; explicitFileType = wrapper.application; includeInIndex = 0; path = VChat.app; sourceTree = BUILT_PRODUCTS_DIR; };
		B5FDE95C1890C8A100A2AAF7 /* Foundation.framework */ = {isa = PBXFileReference; lastKnownFileType = wrapper.framework; name = Foundation.framework; path = System/Library/Frameworks/Foundation.framework; sourceTree = SDKROOT; };
		B5FDE95E1890C8A100A2AAF7 /* CoreGraphics.framework */ = {isa = PBXFileReference; lastKnownFileType = wrapper.framework; name = CoreGraphics.framework; path = System/Library/Frameworks/CoreGraphics.framework; sourceTree = SDKROOT; };
		B5FDE9601890C8A100A2AAF7 /* UIKit.framework */ = {isa = PBXFileReference; lastKnownFileType = wrapper.framework; name = UIKit.framework; path = System/Library/Frameworks/UIKit.framework; sourceTree = SDKROOT; };
		B5FDE9641890C8A100A2AAF7 /* VChat-Info.plist */ = {isa = PBXFileReference; lastKnownFileType = text.plist.xml; path = "VChat-Info.plist"; sourceTree = "<group>"; };
		B5FDE9661890C8A100A2AAF7 /* en */ = {isa = PBXFileReference; lastKnownFileType = text.plist.strings; name = en; path = en.lproj/InfoPlist.strings; sourceTree = "<group>"; };
		B5FDE9681890C8A100A2AAF7 /* main.m */ = {isa = PBXFileReference; lastKnownFileType = sourcecode.c.objc; path = main.m; sourceTree = "<group>"; };
		B5FDE96A1890C8A100A2AAF7 /* VChat-Prefix.pch */ = {isa = PBXFileReference; lastKnownFileType = sourcecode.c.h; path = "VChat-Prefix.pch"; sourceTree = "<group>"; };
		B5FDE96B1890C8A100A2AAF7 /* AppDelegate.h */ = {isa = PBXFileReference; lastKnownFileType = sourcecode.c.h; path = AppDelegate.h; sourceTree = "<group>"; };
		B5FDE96C1890C8A100A2AAF7 /* AppDelegate.m */ = {isa = PBXFileReference; lastKnownFileType = sourcecode.c.objc; path = AppDelegate.m; sourceTree = "<group>"; };
		B5FDE96E1890C8A100A2AAF7 /* Images.xcassets */ = {isa = PBXFileReference; lastKnownFileType = folder.assetcatalog; path = Images.xcassets; sourceTree = "<group>"; };
		B5FDE9741890C8A100A2AAF7 /* VChatTests.xctest */ = {isa = PBXFileReference; explicitFileType = wrapper.cfbundle; includeInIndex = 0; path = VChatTests.xctest; sourceTree = BUILT_PRODUCTS_DIR; };
		B5FDE9751890C8A100A2AAF7 /* XCTest.framework */ = {isa = PBXFileReference; lastKnownFileType = wrapper.framework; name = XCTest.framework; path = Library/Frameworks/XCTest.framework; sourceTree = DEVELOPER_DIR; };
		B5FDE97D1890C8A100A2AAF7 /* VChatTests-Info.plist */ = {isa = PBXFileReference; lastKnownFileType = text.plist.xml; path = "VChatTests-Info.plist"; sourceTree = "<group>"; };
		B5FDE97F1890C8A100A2AAF7 /* en */ = {isa = PBXFileReference; lastKnownFileType = text.plist.strings; name = en; path = en.lproj/InfoPlist.strings; sourceTree = "<group>"; };
		B5FDE9811890C8A100A2AAF7 /* VChatTests.m */ = {isa = PBXFileReference; lastKnownFileType = sourcecode.c.objc; path = VChatTests.m; sourceTree = "<group>"; };
		B5FDE98B1890C9D000A2AAF7 /* VChatViewController.h */ = {isa = PBXFileReference; fileEncoding = 4; lastKnownFileType = sourcecode.c.h; path = VChatViewController.h; sourceTree = "<group>"; };
		B5FDE98C1890C9D000A2AAF7 /* VChatViewController.m */ = {isa = PBXFileReference; fileEncoding = 4; lastKnownFileType = sourcecode.c.objc; path = VChatViewController.m; sourceTree = "<group>"; };
		B5FDE98D1890C9D000A2AAF7 /* VChatViewController.xib */ = {isa = PBXFileReference; fileEncoding = 4; lastKnownFileType = file.xib; path = VChatViewController.xib; sourceTree = "<group>"; };
		B5FDE9901890CDC100A2AAF7 /* SignupViewController.h */ = {isa = PBXFileReference; fileEncoding = 4; lastKnownFileType = sourcecode.c.h; path = SignupViewController.h; sourceTree = "<group>"; };
		B5FDE9911890CDC100A2AAF7 /* SignupViewController.m */ = {isa = PBXFileReference; fileEncoding = 4; lastKnownFileType = sourcecode.c.objc; path = SignupViewController.m; sourceTree = "<group>"; };
		B5FDE9921890CDC100A2AAF7 /* SignupViewController.xib */ = {isa = PBXFileReference; fileEncoding = 4; lastKnownFileType = file.xib; path = SignupViewController.xib; sourceTree = "<group>"; };
/* End PBXFileReference section */

/* Begin PBXFrameworksBuildPhase section */
		B5FDE9561890C8A100A2AAF7 /* Frameworks */ = {
			isa = PBXFrameworksBuildPhase;
			buildActionMask = 2147483647;
			files = (
				5322D0CA1891A8F8009A4023 /* SystemConfiguration.framework in Frameworks */,
				5322D0C81891A8F0009A4023 /* StoreKit.framework in Frameworks */,
				5322D0C61891A8EA009A4023 /* Security.framework in Frameworks */,
				5322D0C41891A8E4009A4023 /* QuartzCore.framework in Frameworks */,
				5322D0C21891A8DF009A4023 /* MobileCoreServices.framework in Frameworks */,
				5322D0C01891A8D9009A4023 /* libz.dylib in Frameworks */,
				5322D0BE1891A8D0009A4023 /* CoreLocation.framework in Frameworks */,
				B5FDE95F1890C8A100A2AAF7 /* CoreGraphics.framework in Frameworks */,
				5322D0BC1891A8C2009A4023 /* CFNetwork.framework in Frameworks */,
				5322D0BA1891A7DE009A4023 /* AudioToolbox.framework in Frameworks */,
				B5FDE9611890C8A100A2AAF7 /* UIKit.framework in Frameworks */,
				5322D0B81891A79B009A4023 /* Parse.framework in Frameworks */,
				B5FDE95D1890C8A100A2AAF7 /* Foundation.framework in Frameworks */,
			);
			runOnlyForDeploymentPostprocessing = 0;
		};
		B5FDE9711890C8A100A2AAF7 /* Frameworks */ = {
			isa = PBXFrameworksBuildPhase;
			buildActionMask = 2147483647;
			files = (
				B5FDE9761890C8A100A2AAF7 /* XCTest.framework in Frameworks */,
				B5FDE9781890C8A100A2AAF7 /* UIKit.framework in Frameworks */,
				B5FDE9771890C8A100A2AAF7 /* Foundation.framework in Frameworks */,
			);
			runOnlyForDeploymentPostprocessing = 0;
		};
/* End PBXFrameworksBuildPhase section */

/* Begin PBXGroup section */
		B5FDE9501890C8A100A2AAF7 = {
			isa = PBXGroup;
			children = (
				B5FDE9621890C8A100A2AAF7 /* VChat */,
				B5FDE97B1890C8A100A2AAF7 /* VChatTests */,
				B5FDE95B1890C8A100A2AAF7 /* Frameworks */,
				B5FDE95A1890C8A100A2AAF7 /* Products */,
			);
			sourceTree = "<group>";
		};
		B5FDE95A1890C8A100A2AAF7 /* Products */ = {
			isa = PBXGroup;
			children = (
				B5FDE9591890C8A100A2AAF7 /* VChat.app */,
				B5FDE9741890C8A100A2AAF7 /* VChatTests.xctest */,
			);
			name = Products;
			sourceTree = "<group>";
		};
		B5FDE95B1890C8A100A2AAF7 /* Frameworks */ = {
			isa = PBXGroup;
			children = (
				5322D0C91891A8F8009A4023 /* SystemConfiguration.framework */,
				5322D0C71891A8F0009A4023 /* StoreKit.framework */,
				5322D0C51891A8EA009A4023 /* Security.framework */,
				5322D0C31891A8E4009A4023 /* QuartzCore.framework */,
				5322D0C11891A8DF009A4023 /* MobileCoreServices.framework */,
				5322D0BF1891A8D9009A4023 /* libz.dylib */,
				5322D0BD1891A8D0009A4023 /* CoreLocation.framework */,
				5322D0BB1891A8C2009A4023 /* CFNetwork.framework */,
				5322D0B91891A7DE009A4023 /* AudioToolbox.framework */,
				5322D0B71891A79B009A4023 /* Parse.framework */,
				B5FDE95C1890C8A100A2AAF7 /* Foundation.framework */,
				B5FDE95E1890C8A100A2AAF7 /* CoreGraphics.framework */,
				B5FDE9601890C8A100A2AAF7 /* UIKit.framework */,
				B5FDE9751890C8A100A2AAF7 /* XCTest.framework */,
			);
			name = Frameworks;
			sourceTree = "<group>";
		};
		B5FDE9621890C8A100A2AAF7 /* VChat */ = {
			isa = PBXGroup;
			children = (
				B5FDE96B1890C8A100A2AAF7 /* AppDelegate.h */,
				B5FDE96C1890C8A100A2AAF7 /* AppDelegate.m */,
				B5FDE96E1890C8A100A2AAF7 /* Images.xcassets */,
				B5FDE9631890C8A100A2AAF7 /* Supporting Files */,
				B5FDE98B1890C9D000A2AAF7 /* VChatViewController.h */,
				B5FDE98C1890C9D000A2AAF7 /* VChatViewController.m */,
				B5FDE98D1890C9D000A2AAF7 /* VChatViewController.xib */,
				B5FDE9901890CDC100A2AAF7 /* SignupViewController.h */,
				B5FDE9911890CDC100A2AAF7 /* SignupViewController.m */,
				B5FDE9921890CDC100A2AAF7 /* SignupViewController.xib */,
				B5ECEEB8189100370012F86E /* ChatsTableViewController.h */,
				B5ECEEB9189100370012F86E /* ChatsTableViewController.m */,
				B5ECEEBA189100370012F86E /* ChatsTableViewController.xib */,
				B5ECEEBD189100530012F86E /* FriendsTableViewController.h */,
				B5ECEEBE189100530012F86E /* FriendsTableViewController.m */,
				B5ECEEBF189100530012F86E /* FriendsTableViewController.xib */,
				B5ECEEC2189100670012F86E /* ChattingTableViewController.h */,
				B5ECEEC3189100670012F86E /* ChattingTableViewController.m */,
				B5ECEEC4189100670012F86E /* ChattingTableViewController.xib */,
				B5ECEEC7189100800012F86E /* ProfileViewController.h */,
				B5ECEEC8189100800012F86E /* ProfileViewController.m */,
				B5ECEEC9189100800012F86E /* ProfileViewController.xib */,
				B5ECEECC189100980012F86E /* NearbyTableViewController.h */,
				B5ECEECD189100980012F86E /* NearbyTableViewController.m */,
				B5ECEECE189100980012F86E /* NearbyTableViewController.xib */,
			);
			path = VChat;
			sourceTree = "<group>";
		};
		B5FDE9631890C8A100A2AAF7 /* Supporting Files */ = {
			isa = PBXGroup;
			children = (
				B5FDE9641890C8A100A2AAF7 /* VChat-Info.plist */,
				B5FDE9651890C8A100A2AAF7 /* InfoPlist.strings */,
				B5FDE9681890C8A100A2AAF7 /* main.m */,
				B5FDE96A1890C8A100A2AAF7 /* VChat-Prefix.pch */,
			);
			name = "Supporting Files";
			sourceTree = "<group>";
		};
		B5FDE97B1890C8A100A2AAF7 /* VChatTests */ = {
			isa = PBXGroup;
			children = (
				B5FDE9811890C8A100A2AAF7 /* VChatTests.m */,
				B5FDE97C1890C8A100A2AAF7 /* Supporting Files */,
			);
			path = VChatTests;
			sourceTree = "<group>";
		};
		B5FDE97C1890C8A100A2AAF7 /* Supporting Files */ = {
			isa = PBXGroup;
			children = (
				B5FDE97D1890C8A100A2AAF7 /* VChatTests-Info.plist */,
				B5FDE97E1890C8A100A2AAF7 /* InfoPlist.strings */,
			);
			name = "Supporting Files";
			sourceTree = "<group>";
		};
/* End PBXGroup section */

/* Begin PBXNativeTarget section */
		B5FDE9581890C8A100A2AAF7 /* VChat */ = {
			isa = PBXNativeTarget;
			buildConfigurationList = B5FDE9851890C8A100A2AAF7 /* Build configuration list for PBXNativeTarget "VChat" */;
			buildPhases = (
				B5FDE9551890C8A100A2AAF7 /* Sources */,
				B5FDE9561890C8A100A2AAF7 /* Frameworks */,
				B5FDE9571890C8A100A2AAF7 /* Resources */,
			);
			buildRules = (
			);
			dependencies = (
			);
			name = VChat;
			productName = VChat;
			productReference = B5FDE9591890C8A100A2AAF7 /* VChat.app */;
			productType = "com.apple.product-type.application";
		};
		B5FDE9731890C8A100A2AAF7 /* VChatTests */ = {
			isa = PBXNativeTarget;
			buildConfigurationList = B5FDE9881890C8A100A2AAF7 /* Build configuration list for PBXNativeTarget "VChatTests" */;
			buildPhases = (
				B5FDE9701890C8A100A2AAF7 /* Sources */,
				B5FDE9711890C8A100A2AAF7 /* Frameworks */,
				B5FDE9721890C8A100A2AAF7 /* Resources */,
			);
			buildRules = (
			);
			dependencies = (
				B5FDE97A1890C8A100A2AAF7 /* PBXTargetDependency */,
			);
			name = VChatTests;
			productName = VChatTests;
			productReference = B5FDE9741890C8A100A2AAF7 /* VChatTests.xctest */;
			productType = "com.apple.product-type.bundle.unit-test";
		};
/* End PBXNativeTarget section */

/* Begin PBXProject section */
		B5FDE9511890C8A100A2AAF7 /* Project object */ = {
			isa = PBXProject;
			attributes = {
				LastUpgradeCheck = 0500;
				ORGANIZATIONNAME = "George Chen";
				TargetAttributes = {
					B5FDE9731890C8A100A2AAF7 = {
						TestTargetID = B5FDE9581890C8A100A2AAF7;
					};
				};
			};
			buildConfigurationList = B5FDE9541890C8A100A2AAF7 /* Build configuration list for PBXProject "VChat" */;
			compatibilityVersion = "Xcode 3.2";
			developmentRegion = English;
			hasScannedForEncodings = 0;
			knownRegions = (
				en,
			);
			mainGroup = B5FDE9501890C8A100A2AAF7;
			productRefGroup = B5FDE95A1890C8A100A2AAF7 /* Products */;
			projectDirPath = "";
			projectRoot = "";
			targets = (
				B5FDE9581890C8A100A2AAF7 /* VChat */,
				B5FDE9731890C8A100A2AAF7 /* VChatTests */,
			);
		};
/* End PBXProject section */

/* Begin PBXResourcesBuildPhase section */
		B5FDE9571890C8A100A2AAF7 /* Resources */ = {
			isa = PBXResourcesBuildPhase;
			buildActionMask = 2147483647;
			files = (
				B5ECEEBC189100370012F86E /* ChatsTableViewController.xib in Resources */,
				B5FDE9671890C8A100A2AAF7 /* InfoPlist.strings in Resources */,
				B5ECEED0189100980012F86E /* NearbyTableViewController.xib in Resources */,
				B5ECEECB189100800012F86E /* ProfileViewController.xib in Resources */,
				B5FDE96F1890C8A100A2AAF7 /* Images.xcassets in Resources */,
				B5ECEEC6189100670012F86E /* ChattingTableViewController.xib in Resources */,
				B5ECEEC1189100530012F86E /* FriendsTableViewController.xib in Resources */,
				B5FDE9941890CDC100A2AAF7 /* SignupViewController.xib in Resources */,
				B5FDE98F1890C9D000A2AAF7 /* VChatViewController.xib in Resources */,
			);
			runOnlyForDeploymentPostprocessing = 0;
		};
		B5FDE9721890C8A100A2AAF7 /* Resources */ = {
			isa = PBXResourcesBuildPhase;
			buildActionMask = 2147483647;
			files = (
				B5FDE9801890C8A100A2AAF7 /* InfoPlist.strings in Resources */,
			);
			runOnlyForDeploymentPostprocessing = 0;
		};
/* End PBXResourcesBuildPhase section */

/* Begin PBXSourcesBuildPhase section */
		B5FDE9551890C8A100A2AAF7 /* Sources */ = {
			isa = PBXSourcesBuildPhase;
			buildActionMask = 2147483647;
			files = (
				B5ECEEBB189100370012F86E /* ChatsTableViewController.m in Sources */,
				B5FDE96D1890C8A100A2AAF7 /* AppDelegate.m in Sources */,
				B5ECEECA189100800012F86E /* ProfileViewController.m in Sources */,
				B5FDE9691890C8A100A2AAF7 /* main.m in Sources */,
				B5ECEECF189100980012F86E /* NearbyTableViewController.m in Sources */,
				B5ECEEC0189100530012F86E /* FriendsTableViewController.m in Sources */,
				B5FDE9931890CDC100A2AAF7 /* SignupViewController.m in Sources */,
				B5FDE98E1890C9D000A2AAF7 /* VChatViewController.m in Sources */,
				B5ECEEC5189100670012F86E /* ChattingTableViewController.m in Sources */,
			);
			runOnlyForDeploymentPostprocessing = 0;
		};
		B5FDE9701890C8A100A2AAF7 /* Sources */ = {
			isa = PBXSourcesBuildPhase;
			buildActionMask = 2147483647;
			files = (
				B5FDE9821890C8A100A2AAF7 /* VChatTests.m in Sources */,
			);
			runOnlyForDeploymentPostprocessing = 0;
		};
/* End PBXSourcesBuildPhase section */

/* Begin PBXTargetDependency section */
		B5FDE97A1890C8A100A2AAF7 /* PBXTargetDependency */ = {
			isa = PBXTargetDependency;
			target = B5FDE9581890C8A100A2AAF7 /* VChat */;
			targetProxy = B5FDE9791890C8A100A2AAF7 /* PBXContainerItemProxy */;
		};
/* End PBXTargetDependency section */

/* Begin PBXVariantGroup section */
		B5FDE9651890C8A100A2AAF7 /* InfoPlist.strings */ = {
			isa = PBXVariantGroup;
			children = (
				B5FDE9661890C8A100A2AAF7 /* en */,
			);
			name = InfoPlist.strings;
			sourceTree = "<group>";
		};
		B5FDE97E1890C8A100A2AAF7 /* InfoPlist.strings */ = {
			isa = PBXVariantGroup;
			children = (
				B5FDE97F1890C8A100A2AAF7 /* en */,
			);
			name = InfoPlist.strings;
			sourceTree = "<group>";
		};
/* End PBXVariantGroup section */

/* Begin XCBuildConfiguration section */
		B5FDE9831890C8A100A2AAF7 /* Debug */ = {
			isa = XCBuildConfiguration;
			buildSettings = {
				ALWAYS_SEARCH_USER_PATHS = NO;
				ARCHS = "$(ARCHS_STANDARD_INCLUDING_64_BIT)";
				CLANG_CXX_LANGUAGE_STANDARD = "gnu++0x";
				CLANG_CXX_LIBRARY = "libc++";
				CLANG_ENABLE_MODULES = YES;
				CLANG_ENABLE_OBJC_ARC = YES;
				CLANG_WARN_BOOL_CONVERSION = YES;
				CLANG_WARN_CONSTANT_CONVERSION = YES;
				CLANG_WARN_DIRECT_OBJC_ISA_USAGE = YES_ERROR;
				CLANG_WARN_EMPTY_BODY = YES;
				CLANG_WARN_ENUM_CONVERSION = YES;
				CLANG_WARN_INT_CONVERSION = YES;
				CLANG_WARN_OBJC_ROOT_CLASS = YES_ERROR;
				CLANG_WARN__DUPLICATE_METHOD_MATCH = YES;
				"CODE_SIGN_IDENTITY[sdk=iphoneos*]" = "iPhone Developer";
				COPY_PHASE_STRIP = NO;
				GCC_C_LANGUAGE_STANDARD = gnu99;
				GCC_DYNAMIC_NO_PIC = NO;
				GCC_OPTIMIZATION_LEVEL = 0;
				GCC_PREPROCESSOR_DEFINITIONS = (
					"DEBUG=1",
					"$(inherited)",
				);
				GCC_SYMBOLS_PRIVATE_EXTERN = NO;
				GCC_WARN_64_TO_32_BIT_CONVERSION = YES;
				GCC_WARN_ABOUT_RETURN_TYPE = YES_ERROR;
				GCC_WARN_UNDECLARED_SELECTOR = YES;
				GCC_WARN_UNINITIALIZED_AUTOS = YES;
				GCC_WARN_UNUSED_FUNCTION = YES;
				GCC_WARN_UNUSED_VARIABLE = YES;
				IPHONEOS_DEPLOYMENT_TARGET = 7.0;
				ONLY_ACTIVE_ARCH = YES;
				SDKROOT = iphoneos;
			};
			name = Debug;
		};
		B5FDE9841890C8A100A2AAF7 /* Release */ = {
			isa = XCBuildConfiguration;
			buildSettings = {
				ALWAYS_SEARCH_USER_PATHS = NO;
				ARCHS = "$(ARCHS_STANDARD_INCLUDING_64_BIT)";
				CLANG_CXX_LANGUAGE_STANDARD = "gnu++0x";
				CLANG_CXX_LIBRARY = "libc++";
				CLANG_ENABLE_MODULES = YES;
				CLANG_ENABLE_OBJC_ARC = YES;
				CLANG_WARN_BOOL_CONVERSION = YES;
				CLANG_WARN_CONSTANT_CONVERSION = YES;
				CLANG_WARN_DIRECT_OBJC_ISA_USAGE = YES_ERROR;
				CLANG_WARN_EMPTY_BODY = YES;
				CLANG_WARN_ENUM_CONVERSION = YES;
				CLANG_WARN_INT_CONVERSION = YES;
				CLANG_WARN_OBJC_ROOT_CLASS = YES_ERROR;
				CLANG_WARN__DUPLICATE_METHOD_MATCH = YES;
				"CODE_SIGN_IDENTITY[sdk=iphoneos*]" = "iPhone Developer";
				COPY_PHASE_STRIP = YES;
				ENABLE_NS_ASSERTIONS = NO;
				GCC_C_LANGUAGE_STANDARD = gnu99;
				GCC_WARN_64_TO_32_BIT_CONVERSION = YES;
				GCC_WARN_ABOUT_RETURN_TYPE = YES_ERROR;
				GCC_WARN_UNDECLARED_SELECTOR = YES;
				GCC_WARN_UNINITIALIZED_AUTOS = YES;
				GCC_WARN_UNUSED_FUNCTION = YES;
				GCC_WARN_UNUSED_VARIABLE = YES;
				IPHONEOS_DEPLOYMENT_TARGET = 7.0;
				SDKROOT = iphoneos;
				VALIDATE_PRODUCT = YES;
			};
			name = Release;
		};
		B5FDE9861890C8A100A2AAF7 /* Debug */ = {
			isa = XCBuildConfiguration;
			buildSettings = {
				ASSETCATALOG_COMPILER_APPICON_NAME = AppIcon;
				ASSETCATALOG_COMPILER_LAUNCHIMAGE_NAME = LaunchImage;
				FRAMEWORK_SEARCH_PATHS = (
					"$(inherited)",
					/Users/jvlin/Documents/iOS/VChat,
					"/Users/gtchen/mydir/sw/xcode/iOSClassProject\n/Users/gtchen/mydir/sw/xcode/iOSClassProject/VChat",
				);
				GCC_PRECOMPILE_PREFIX_HEADER = YES;
				GCC_PREFIX_HEADER = "VChat/VChat-Prefix.pch";
				INFOPLIST_FILE = "VChat/VChat-Info.plist";
				PRODUCT_NAME = "$(TARGET_NAME)";
				WRAPPER_EXTENSION = app;
			};
			name = Debug;
		};
		B5FDE9871890C8A100A2AAF7 /* Release */ = {
			isa = XCBuildConfiguration;
			buildSettings = {
				ASSETCATALOG_COMPILER_APPICON_NAME = AppIcon;
				ASSETCATALOG_COMPILER_LAUNCHIMAGE_NAME = LaunchImage;
				FRAMEWORK_SEARCH_PATHS = (
					"$(inherited)",
					/Users/jvlin/Documents/iOS/VChat,
					"/Users/gtchen/mydir/sw/xcode/iOSClassProject\n/Users/gtchen/mydir/sw/xcode/iOSClassProject/VChat",
				);
				GCC_PRECOMPILE_PREFIX_HEADER = YES;
				GCC_PREFIX_HEADER = "VChat/VChat-Prefix.pch";
				INFOPLIST_FILE = "VChat/VChat-Info.plist";
				PRODUCT_NAME = "$(TARGET_NAME)";
				WRAPPER_EXTENSION = app;
			};
			name = Release;
		};
		B5FDE9891890C8A100A2AAF7 /* Debug */ = {
			isa = XCBuildConfiguration;
			buildSettings = {
				ARCHS = "$(ARCHS_STANDARD_INCLUDING_64_BIT)";
				BUNDLE_LOADER = "$(BUILT_PRODUCTS_DIR)/VChat.app/VChat";
				FRAMEWORK_SEARCH_PATHS = (
					"$(SDKROOT)/Developer/Library/Frameworks",
					"$(inherited)",
					"$(DEVELOPER_FRAMEWORKS_DIR)",
				);
				GCC_PRECOMPILE_PREFIX_HEADER = YES;
				GCC_PREFIX_HEADER = "VChat/VChat-Prefix.pch";
				GCC_PREPROCESSOR_DEFINITIONS = (
					"DEBUG=1",
					"$(inherited)",
				);
				INFOPLIST_FILE = "VChatTests/VChatTests-Info.plist";
				PRODUCT_NAME = "$(TARGET_NAME)";
				TEST_HOST = "$(BUNDLE_LOADER)";
				WRAPPER_EXTENSION = xctest;
			};
			name = Debug;
		};
		B5FDE98A1890C8A100A2AAF7 /* Release */ = {
			isa = XCBuildConfiguration;
			buildSettings = {
				ARCHS = "$(ARCHS_STANDARD_INCLUDING_64_BIT)";
				BUNDLE_LOADER = "$(BUILT_PRODUCTS_DIR)/VChat.app/VChat";
				FRAMEWORK_SEARCH_PATHS = (
					"$(SDKROOT)/Developer/Library/Frameworks",
					"$(inherited)",
					"$(DEVELOPER_FRAMEWORKS_DIR)",
				);
				GCC_PRECOMPILE_PREFIX_HEADER = YES;
				GCC_PREFIX_HEADER = "VChat/VChat-Prefix.pch";
				INFOPLIST_FILE = "VChatTests/VChatTests-Info.plist";
				PRODUCT_NAME = "$(TARGET_NAME)";
				TEST_HOST = "$(BUNDLE_LOADER)";
				WRAPPER_EXTENSION = xctest;
			};
			name = Release;
		};
/* End XCBuildConfiguration section */

/* Begin XCConfigurationList section */
		B5FDE9541890C8A100A2AAF7 /* Build configuration list for PBXProject "VChat" */ = {
			isa = XCConfigurationList;
			buildConfigurations = (
				B5FDE9831890C8A100A2AAF7 /* Debug */,
				B5FDE9841890C8A100A2AAF7 /* Release */,
			);
			defaultConfigurationIsVisible = 0;
			defaultConfigurationName = Release;
		};
		B5FDE9851890C8A100A2AAF7 /* Build configuration list for PBXNativeTarget "VChat" */ = {
			isa = XCConfigurationList;
			buildConfigurations = (
				B5FDE9861890C8A100A2AAF7 /* Debug */,
				B5FDE9871890C8A100A2AAF7 /* Release */,
			);
			defaultConfigurationIsVisible = 0;
			defaultConfigurationName = Release;
		};
		B5FDE9881890C8A100A2AAF7 /* Build configuration list for PBXNativeTarget "VChatTests" */ = {
			isa = XCConfigurationList;
			buildConfigurations = (
				B5FDE9891890C8A100A2AAF7 /* Debug */,
				B5FDE98A1890C8A100A2AAF7 /* Release */,
			);
			defaultConfigurationIsVisible = 0;
			defaultConfigurationName = Release;
		};
/* End XCConfigurationList section */
	};
	rootObject = B5FDE9511890C8A100A2AAF7 /* Project object */;
}
